# This file is autogenerated, do not edit; changes may be undone by the next 'dep ensure'.


[[projects]]
  digest = "1:a24d4f0bfca235899423e806a033447bb840d48970ecd8e1bc409537d0289c23"
  name = "cloud.google.com/go"
  packages = ["compute/metadata"]
  pruneopts = "NUT"
  revision = "d1af076dc3f6a314e9dd6610fe83b0f7afaff6d6"
  version = "v0.45.1"

[[projects]]
  digest = "1:5f69a88cd509f0e9c3a277379039997c0a0df623bf453582b51899e8c1c1cee5"
  name = "github.com/Azure/go-autorest"
  packages = [
    "autorest",
    "autorest/adal",
    "autorest/azure",
    "autorest/date",
    "logger",
    "tracing",
  ]
  pruneopts = "NUT"
  revision = "69b4126ece6b5257e2f9b0017007d2334153655f"
  version = "v13.0.1"

[[projects]]
  digest = "1:632e5f740de6cafce1c08f659bfa10e75f7e7938dfaeb3d99c82fcbf484484e2"
  name = "github.com/NYTimes/gziphandler"
  packages = ["."]
  pruneopts = "NUT"
  revision = "dd0439581c7657cb652dfe5c71d7d48baf39541d"
  version = "v1.1.1"

[[projects]]
  digest = "1:0a111edd8693fd977f42a0c4f199a0efb13c20aec9da99ad8830c7bb6a87e8d6"
  name = "github.com/PuerkitoBio/purell"
  packages = ["."]
  pruneopts = "NUT"
  revision = "44968752391892e1b0d0b821ee79e9a85fa13049"
  version = "v1.1.1"

[[projects]]
  branch = "master"
  digest = "1:8098cd40cd09879efbf12e33bcd51ead4a66006ac802cd563a66c4f3373b9727"
  name = "github.com/PuerkitoBio/urlesc"
  packages = ["."]
  pruneopts = "NUT"
  revision = "de5bf2ad457846296e2031421a34e2568e304e35"

[[projects]]
  digest = "1:707ebe952a8b3d00b343c01536c79c73771d100f63ec6babeaed5c79e2b8a8dd"
  name = "github.com/beorn7/perks"
  packages = ["quantile"]
  pruneopts = "NUT"
  revision = "37c8de3658fcb183f997c4e13e8337516ab753e6"
  version = "v1.0.1"

[[projects]]
  digest = "1:d7d73f39790b91fc82066e1ff9e5837a5d85c5fb6cc381c0dda80ee81dd463a2"
  name = "github.com/coreos/etcd"
  packages = [
    "auth/authpb",
    "clientv3",
    "etcdserver/api/v3rpc/rpctypes",
    "etcdserver/etcdserverpb",
    "mvcc/mvccpb",
    "pkg/tlsutil",
    "pkg/transport",
    "pkg/types",
  ]
  pruneopts = "NUT"
  revision = "v3.3.1"

[[projects]]
  digest = "1:1da3a221f0bc090792d3a2a080ff09008427c0e0f0533a4ed6abd8994421da73"
  name = "github.com/coreos/go-systemd"
  packages = ["daemon"]
  pruneopts = "NUT"
  revision = "e64a0ec8b42a61e2a9801dc1d0abe539dea79197"
  version = "v20"

[[projects]]
  digest = "1:ffe9824d294da03b391f44e1ae8281281b4afc1bdaa9588c9097785e3af10cec"
  name = "github.com/davecgh/go-spew"
  packages = ["spew"]
  pruneopts = "NUT"
  revision = "8991bc29aa16c548c550c7ff78260e27b9ab7c73"
  version = "v1.1.1"

[[projects]]
  digest = "1:7a6852b35eb5bbc184561443762d225116ae630c26a7c4d90546619f1e7d2ad2"
  name = "github.com/dgrijalva/jwt-go"
  packages = ["."]
  pruneopts = "NUT"
  revision = "06ea1031745cb8b3dab3f6a236daf2b0aa468b7e"
  version = "v3.2.0"

[[projects]]
  digest = "1:b7ffca49e9cfd3dfb04a8e0a59347708c6f78f68476a32c5e0a0edca5d1b258c"
  name = "github.com/dustin/go-humanize"
  packages = ["."]
  pruneopts = "NUT"
  revision = "9f541cc9db5d55bce703bd99987c9d5cb8eea45e"
  version = "v1.0.0"

[[projects]]
  digest = "1:8b01feb9e9fe1983f75d8ae8e948d3d62731fbff4ea4ab6a33d25731a3df4247"
  name = "github.com/emicklei/go-restful"
  packages = [
    ".",
    "log",
  ]
  pruneopts = "NUT"
  revision = "f48aa74d360eda838561e6db9d36c6538398343f"
  version = "v2.10.0"

[[projects]]
  digest = "1:4304cca260ab815326ca42d9c28fb843342748267034c51963e13f5e54e727d1"
  name = "github.com/evanphx/json-patch"
  packages = ["."]
  pruneopts = "NUT"
  revision = "026c730a0dcc5d11f93f1cf1cc65b01247ea7b6f"
  version = "v4.5.0"

[[projects]]
  digest = "1:ade392a843b2035effb4b4a2efa2c3bab3eb29b992e98bacf9c898b0ecb54e45"
  name = "github.com/fatih/color"
  packages = ["."]
  pruneopts = "NUT"
  revision = "5b77d2a35fb0ede96d138fc9a99f5c9b6aef11b4"
  version = "v1.7.0"

[[projects]]
  digest = "1:81466b4218bf6adddac2572a30ac733a9255919bc2f470b4827a317bd4ee1756"
  name = "github.com/ghodss/yaml"
  packages = ["."]
  pruneopts = "NUT"
  revision = "0ca9ea5df5451ffdf184b4428c902747c2c11cd7"
  version = "v1.0.0"

[[projects]]
  digest = "1:3758c86e787dfe5792a23430f34636106a16da914446724399c9c12f121a225d"
  name = "github.com/go-openapi/jsonpointer"
  packages = ["."]
  pruneopts = "NUT"
  revision = "ed123515f087412cd7ef02e49b0b0a5e6a79a360"
  version = "v0.19.3"

[[projects]]
  digest = "1:98abd61947ff5c7c6fcfec5473d02a4821ed3a2dd99a4fbfdb7925b0dd745546"
  name = "github.com/go-openapi/jsonreference"
  packages = ["."]
  pruneopts = "NUT"
  revision = "82f31475a8f7a12bc26962f6e26ceade8ea6f66a"
  version = "v0.19.3"

[[projects]]
  digest = "1:7fc0908f885357d71c0fa50bb2333eb63ff6f9402584e7f8ac13f5cdf6e967d5"
  name = "github.com/go-openapi/spec"
  packages = ["."]
  pruneopts = "NUT"
  revision = "2223ab324566e4ace63ab69b9c8fff1b81a40eeb"
  version = "v0.19.3"

[[projects]]
  digest = "1:b318f36b1725220c1580b27504b8ee9d33a2a8e2db58f28c176edf6f0d1b7fb2"
  name = "github.com/go-openapi/swag"
  packages = ["."]
  pruneopts = "NUT"
  revision = "c3d0f7896d589f3babb99eea24bbc7de98108e72"
  version = "v0.19.5"

[[projects]]
  digest = "1:863a8a52b28cb6a2e6c7cb479b21a98410a5c433e41ccc9f5130babf23f7ae93"
  name = "github.com/gobuffalo/flect"
  packages = ["."]
  pruneopts = "NUT"
  revision = "86360480338dcc8c7b61de28a928595f77079989"
  version = "v0.1.6"

[[projects]]
  digest = "1:cba177b91e20ac24abe7fb21265f28aa1d2606d7a56c1726a5f53cb0abcb154c"
  name = "github.com/gogo/protobuf"
  packages = [
    "gogoproto",
    "proto",
    "protoc-gen-gogo/descriptor",
    "sortkeys",
  ]
  pruneopts = "NUT"
  revision = "0ca988a254f991240804bf9821f3450d87ccbb1b"
  version = "v1.3.0"

[[projects]]
  branch = "master"
  digest = "1:b7cb6054d3dff43b38ad2e92492f220f57ae6087ee797dca298139776749ace8"
  name = "github.com/golang/groupcache"
  packages = ["lru"]
  pruneopts = "NUT"
  revision = "869f871628b6baa9cfbc11732cdf6546b17c1298"

[[projects]]
  digest = "1:796f9c63c68774a89eade387a8476e45ec2b34f5649b0726983204202c3649d6"
  name = "github.com/golang/protobuf"
  packages = [
    "proto",
    "ptypes",
    "ptypes/any",
    "ptypes/duration",
    "ptypes/timestamp",
  ]
  pruneopts = "NUT"
  revision = "6c65a5562fc06764971b7c5d05c76c75e84bdbf7"
  version = "v1.3.2"

[[projects]]
  digest = "1:52c5834e2bebac9030c97cc0798ac11c3aa8a39f098aeb419f142533da6cd3cc"
  name = "github.com/google/gofuzz"
  packages = ["."]
  pruneopts = "NUT"
  revision = "f140a6486e521aad38f5917de355cbf147cc0496"
  version = "v1.0.0"

[[projects]]
  digest = "1:ab3ec1fe3e39bac4b3ab63390767766622be35b7cab03f47f787f9ec60522a53"
  name = "github.com/google/uuid"
  packages = ["."]
  pruneopts = "NUT"
  revision = "0cd6bf5da1e1c83f8b45653022c74f71af0538a4"
  version = "v1.1.1"

[[projects]]
  digest = "1:5e092394bed250d7fda36cef8b7e1d22bb2d5f71878bbb137be5fc1c2705f965"
  name = "github.com/googleapis/gnostic"
  packages = [
    "OpenAPIv2",
    "compiler",
    "extensions",
  ]
  pruneopts = "NUT"
  revision = "ab0dd09aa10e2952b28e12ecd35681b20463ebab"
  version = "v0.3.1"

[[projects]]
  digest = "1:80230022ab481c6688b237550bc45017d9d2abfc19e4916e2ce344d24f613a6d"
  name = "github.com/gophercloud/gophercloud"
  packages = [
    ".",
    "openstack",
    "openstack/identity/v2/tenants",
    "openstack/identity/v2/tokens",
    "openstack/identity/v3/tokens",
    "openstack/utils",
    "pagination",
  ]
  pruneopts = "NUT"
  revision = "a84f8b330d669c6dff53ee9743a7579ac9541b69"
  version = "v0.4.0"

[[projects]]
  digest = "1:5872c7f130f62fc34bfda20babad36be6309c00b5c9207717f7cd2a51536fff4"
  name = "github.com/grpc-ecosystem/go-grpc-prometheus"
  packages = ["."]
  pruneopts = "NUT"
  revision = "c225b8c3b01faf2899099b768856a9e916e5087b"
  version = "v1.2.0"

[[projects]]
  digest = "1:ed860d2b2c1d066d36a89c982eefc7d019badd534f60e87ab65d3d94f0797ef0"
  name = "github.com/hashicorp/golang-lru"
  packages = [
    ".",
    "simplelru",
  ]
  pruneopts = "NUT"
  revision = "7f827b33c0f158ec5dfbba01bb0b14a4541fd81d"
  version = "v0.5.3"

[[projects]]
  digest = "1:41933d387bfa3eaa6a82647914ed7044f7b8355764c24fb920892bc8c03ef0c3"
  name = "github.com/hpcloud/tail"
  packages = [
    ".",
    "ratelimiter",
    "util",
    "watch",
    "winfile",
  ]
  pruneopts = "NUT"
  revision = "a30252cb686a21eb2d0b98132633053ec2f7f1e5"
  version = "v1.0.0"

[[projects]]
  digest = "1:aaa38889f11896ee3644d77e17dc7764cc47f5f3d3b488268df2af2b52541c5f"
  name = "github.com/imdario/mergo"
  packages = ["."]
  pruneopts = "NUT"
  revision = "7c29201646fa3de8506f701213473dd407f19646"
  version = "v0.3.7"

[[projects]]
  digest = "1:406338ad39ab2e37b7f4452906442a3dbf0eb3379dd1f06aafb5c07e769a5fbb"
  name = "github.com/inconshreveable/mousetrap"
  packages = ["."]
  pruneopts = "NUT"
  revision = "76626ae9c91c4f2a10f34cad8ce83ea42c93bb75"
  version = "v1.0"

[[projects]]
  digest = "1:92f6419f388bd31a433b1388910f15a882c9980e383e89ebf8fb2524583707ac"
  name = "github.com/json-iterator/go"
  packages = ["."]
  pruneopts = "NUT"
  revision = "27518f6661eba504be5a7a9a9f6d9460d892ade3"
  version = "v1.1.7"

[[projects]]
  branch = "master"
  digest = "1:52bf6276e8c8d6f5291c365a1eb43b97c7dd1c351545936c9f5630a70c24194d"
  name = "github.com/kubernetes/repo-infra"
  packages = ["verify/boilerplate/test"]
  pruneopts = "T"
  revision = "9f4571ad7242bf3ec4b47365062498c2528f9a5f"

[[projects]]
  digest = "1:927762c6729b4e72957ba3310e485ed09cf8451c5a637a52fd016a9fe09e7936"
  name = "github.com/mailru/easyjson"
  packages = [
    "buffer",
    "jlexer",
    "jwriter",
  ]
  pruneopts = "NUT"
  revision = "1b2b06f5f209fea48ff5922d8bfb2b9ed5d8f00b"
  version = "v0.7.0"

[[projects]]
  digest = "1:08c231ec84231a7e23d67e4b58f975e1423695a32467a362ee55a803f9de8061"
  name = "github.com/mattn/go-colorable"
  packages = ["."]
  pruneopts = "NUT"
  revision = "167de6bfdfba052fa6b2d3664c8f5272e23c9072"
  version = "v0.0.9"

[[projects]]
  digest = "1:666428435471609937bd13f56e2e31501b5660ffc44a786cf2217dc53291a604"
  name = "github.com/mattn/go-isatty"
  packages = ["."]
  pruneopts = "NUT"
  revision = "e1f7b56ace729e4a73a29a6b4fac6cd5fcda7ab3"
  version = "v0.0.9"

[[projects]]
  digest = "1:5985ef4caf91ece5d54817c11ea25f182697534f8ae6521eadcd628c142ac4b6"
  name = "github.com/matttproud/golang_protobuf_extensions"
  packages = ["pbutil"]
  pruneopts = "NUT"
  revision = "c12348ce28de40eed0136aa2b644d0ee0650e56c"
  version = "v1.0.1"

[[projects]]
  digest = "1:2f42fa12d6911c7b7659738758631bec870b7e9b4c6be5444f963cdcfccc191f"
  name = "github.com/modern-go/concurrent"
  packages = ["."]
  pruneopts = "NUT"
  revision = "bacd9c7ef1dd9b15be4a9909b8ac7a4e313eec94"
  version = "1.0.3"

[[projects]]
  digest = "1:c6aca19413b13dc59c220ad7430329e2ec454cc310bc6d8de2c7e2b93c18a0f6"
  name = "github.com/modern-go/reflect2"
  packages = ["."]
  pruneopts = "NUT"
  revision = "4b7aa43c6742a2c18fdef89dd197aaae7dac7ccd"
  version = "1.0.1"

[[projects]]
  branch = "master"
  digest = "1:1604410fccff1fa79d0978bf9271d52d9ea1c8c06618d5c624dabba9cfe9cc83"
  name = "github.com/munnerz/goautoneg"
  packages = ["."]
  pruneopts = "NUT"
  revision = "2ae31c8b6b30d2f4c8100c20d527b571e9c433bb"

[[projects]]
  digest = "1:a8ce19ad7ec609c1b417d0719810d603e691941f3dac17fed958eee74b1e3622"
  name = "github.com/onsi/ginkgo"
  packages = [
    ".",
    "config",
    "internal/codelocation",
    "internal/containernode",
    "internal/failer",
    "internal/leafnodes",
    "internal/remote",
    "internal/spec",
    "internal/spec_iterator",
    "internal/specrunner",
    "internal/suite",
    "internal/testingtproxy",
    "internal/writer",
    "reporters",
    "reporters/stenographer",
    "reporters/stenographer/support/go-colorable",
    "reporters/stenographer/support/go-isatty",
    "types",
  ]
  pruneopts = "NUT"
  revision = "974566c482abc93ffd3df6f4626e79076c7ed290"
  version = "v1.10.1"

[[projects]]
  digest = "1:2892fb9c0ff1df871c8eb4fea05a37920cc3c2c74d7f9dd7177583da3054f38a"
  name = "github.com/onsi/gomega"
  packages = [
    ".",
    "format",
    "internal/assertion",
    "internal/asyncassertion",
    "internal/oraclematcher",
    "internal/testingtsupport",
    "matchers",
    "matchers/support/goraph/bipartitegraph",
    "matchers/support/goraph/edge",
    "matchers/support/goraph/node",
    "matchers/support/goraph/util",
    "types",
  ]
  pruneopts = "NUT"
  revision = "bdebf9e0ece900259084cfa4121b97ce1a540939"
  version = "v1.7.0"

[[projects]]
  digest = "1:d7ba1b5e2721c98e7308c226821ef8d64b7a1d3198dfa28da2afa17267c5f818"
  name = "github.com/openshift/generic-admission-server"
  packages = [
    "pkg/apiserver",
    "pkg/cmd/server",
    "pkg/registry/admissionreview",
  ]
  pruneopts = "NUT"
  revision = "30a7ee0ea2ba57c5701e636ba5fef406d6e5ddc8"

[[projects]]
  digest = "1:93b1d84c5fa6d1ea52f4114c37714cddd84d5b78f151b62bb101128dd51399bf"
  name = "github.com/pborman/uuid"
  packages = ["."]
  pruneopts = "NUT"
  revision = "adf5a7427709b9deb95d29d3fa8a2bf9cfd388f1"
  version = "v1.2"

[[projects]]
  digest = "1:14715f705ff5dfe0ffd6571d7d201dd8e921030f8070321a79380d8ca4ec1a24"
  name = "github.com/pkg/errors"
  packages = ["."]
  pruneopts = "NUT"
  revision = "ba968bfe8b2f7e042a574c888954fccecfa385b4"
  version = "v0.8.1"

[[projects]]
  digest = "1:0028cb19b2e4c3112225cd871870f2d9cf49b9b4276531f03438a88e94be86fe"
  name = "github.com/pmezard/go-difflib"
  packages = ["difflib"]
  pruneopts = "NUT"
  revision = "792786c7400a136282c1664665ae0a8db921c6c2"
  version = "v1.0.0"

[[projects]]
  digest = "1:00e5485f002096d8284d57ce59acb8e08121a5accdf92777ca7368bf9e5e18e8"
  name = "github.com/prometheus/client_golang"
  packages = [
    "prometheus",
    "prometheus/internal",
  ]
  pruneopts = "NUT"
  revision = "v0.9.2"

[[projects]]
  branch = "master"
  digest = "1:2d5cd61daa5565187e1d96bae64dbbc6080dacf741448e9629c64fd93203b0d4"
  name = "github.com/prometheus/client_model"
  packages = ["go"]
  pruneopts = "NUT"
  revision = "14fe0d1b01d4d5fc031dd4bec1823bd3ebbe8016"

[[projects]]
  digest = "1:98278956c7c550efc75a027e528aa51743f06fd0e33613d7ed224432a11e5ecf"
  name = "github.com/prometheus/common"
  packages = [
    "expfmt",
    "internal/bitbucket.org/ww/goautoneg",
    "model",
  ]
  pruneopts = "NUT"
  revision = "287d3e634a1e550c9e463dd7e5a75a422c614505"
  version = "v0.7.0"

[[projects]]
  digest = "1:e18050f44b1e9aeca97f5d71646a1cffc5f5cdae8583506ea58e5f7998da8a91"
  name = "github.com/prometheus/procfs"
  packages = [
    ".",
    "internal/fs",
    "internal/util",
  ]
  pruneopts = "NUT"
  revision = "00ec24a6a2d86e7074629c8384715dbb05adccd8"
  version = "v0.0.4"

[[projects]]
  digest = "1:d3533ee568fc00a971617ec09dc0f0b3eddfb4adbc1275f8f6332553d67506b4"
  name = "github.com/spf13/cobra"
  packages = ["."]
  pruneopts = "NUT"
  revision = "f2b07da1e2c38d5f12845a4f607e2e1018cbb1f5"
  version = "v0.0.5"

[[projects]]
  digest = "1:9d8420bbf131d1618bde6530af37c3799340d3762cc47210c1d9532a4c3a2779"
  name = "github.com/spf13/pflag"
  packages = ["."]
  pruneopts = "NUT"
  revision = "298182f68c66c05229eb03ac171abe6e309ee79a"
  version = "v1.0.3"

[[projects]]
  digest = "1:6e7bb8be062d38ec9e9222973e81835554bfa2181b9ab29ff206514bd44fe8d2"
  name = "github.com/stretchr/testify"
  packages = ["assert"]
  pruneopts = "NUT"
  revision = "221dbe5ed46703ee255b1da0dec05086f5035f62"
  version = "v1.4.0"

[[projects]]
  branch = "master"
  digest = "1:bbe51412d9915d64ffaa96b51d409e070665efc5194fcf145c4a27d4133107a4"
  name = "golang.org/x/crypto"
  packages = ["ssh/terminal"]
  pruneopts = "NUT"
  revision = "227b76d455e791cb042b03e633e2f7fbcfdf74a5"

[[projects]]
  branch = "master"
  digest = "1:8dbf67013f9ebde4e58577049b3ec7c145f99b56a85508e0f7f8fa9517f537c3"
  name = "golang.org/x/net"
  packages = [
    "context",
    "context/ctxhttp",
    "html",
    "html/atom",
    "html/charset",
    "http/httpguts",
    "http2",
    "http2/hpack",
    "idna",
    "internal/timeseries",
    "trace",
    "websocket",
  ]
  pruneopts = "NUT"
  revision = "24e19bdeb0f2d062d8e2640d50a7aaf2a7f80e7a"

[[projects]]
  branch = "master"
  digest = "1:1519760444b90c560eb01373869bc66fd539e6fe1bf77af22047c43edc40ab35"
  name = "golang.org/x/oauth2"
  packages = [
    ".",
    "google",
    "internal",
    "jws",
    "jwt",
  ]
  pruneopts = "NUT"
  revision = "0f29369cfe4552d0e4bcddc57cc75f4d7e672a33"

[[projects]]
  branch = "master"
  digest = "1:691add5c8cf772ae7bb0a3c8131bed549125e7c2f201f2a6595a9b3539085682"
  name = "golang.org/x/sys"
  packages = [
    "unix",
    "windows",
  ]
  pruneopts = "NUT"
  revision = "c3b328c6e5a763a2bfc82a48b4bd855037210934"

[[projects]]
  digest = "1:0b5dc8c3581fc3ea2b80cc2e360dfb9c2d61dd0cba0d2fe247e8edd3e83f7551"
  name = "golang.org/x/text"
  packages = [
    "collate",
    "collate/build",
    "encoding",
    "encoding/charmap",
    "encoding/htmlindex",
    "encoding/internal",
    "encoding/internal/identifier",
    "encoding/japanese",
    "encoding/korean",
    "encoding/simplifiedchinese",
    "encoding/traditionalchinese",
    "encoding/unicode",
    "internal/colltab",
    "internal/gen",
    "internal/language",
    "internal/language/compact",
    "internal/tag",
    "internal/triegen",
    "internal/ucd",
    "internal/utf8internal",
    "language",
    "runes",
    "secure/bidirule",
    "transform",
    "unicode/bidi",
    "unicode/cldr",
    "unicode/norm",
    "unicode/rangetable",
    "width",
  ]
  pruneopts = "NUT"
  revision = "342b2e1fbaa52c93f31447ad2c6abc048c63e475"
  version = "v0.3.2"

[[projects]]
  branch = "master"
  digest = "1:9fdc2b55e8e0fafe4b41884091e51e77344f7dc511c5acedcfd98200003bff90"
  name = "golang.org/x/time"
  packages = ["rate"]
  pruneopts = "NUT"
  revision = "9d24e82272b4f38b78bc8cff74fa936d31ccd8ef"

[[projects]]
  branch = "master"
  digest = "1:4d07cfa65b1661b24c43340cb1b8f5721caef6216917f0c59aff23e498c5d7b3"
  name = "golang.org/x/tools"
  packages = [
    "go/ast/astutil",
    "go/gcexportdata",
    "go/internal/gcimporter",
    "go/internal/packagesdriver",
    "go/packages",
    "go/types/typeutil",
    "imports",
    "internal/fastwalk",
    "internal/gopathwalk",
    "internal/imports",
    "internal/module",
    "internal/semver",
  ]
  pruneopts = "NUT"
  revision = "3720d1ec36787cbb1ba1d4b76e4b0049db3ea911"

[[projects]]
  digest = "1:a4824d8df1fd1f63c6b3690bf4801d6ff1722adcb3e13c0489196a7e248d868a"
  name = "google.golang.org/appengine"
  packages = [
    ".",
    "internal",
    "internal/app_identity",
    "internal/base",
    "internal/datastore",
    "internal/log",
    "internal/modules",
    "internal/remote_api",
    "internal/urlfetch",
    "urlfetch",
  ]
  pruneopts = "NUT"
  revision = "5f2a59506353b8d5ba8cbbcd9f3c1f41f1eaf079"
  version = "v1.6.2"

[[projects]]
  branch = "master"
  digest = "1:583a0c80f5e3a9343d33aea4aead1e1afcc0043db66fdf961ddd1fe8cd3a4faf"
  name = "google.golang.org/genproto"
  packages = ["googleapis/rpc/status"]
  pruneopts = "NUT"
  revision = "1774047e7e5133fa3573a4e51b37a586b6b0360c"

[[projects]]
  digest = "1:5fa83f5eb0590e73d15845fd058c8ad0c3ddb745cc523531eb952043ca0865a6"
  name = "google.golang.org/grpc"
  packages = [
    ".",
    "balancer",
    "balancer/base",
    "balancer/roundrobin",
    "binarylog/grpc_binarylog_v1",
    "codes",
    "connectivity",
    "credentials",
    "credentials/internal",
    "encoding",
    "encoding/proto",
    "grpclog",
    "health/grpc_health_v1",
    "internal",
    "internal/backoff",
    "internal/balancerload",
    "internal/binarylog",
    "internal/channelz",
    "internal/envconfig",
    "internal/grpcrand",
    "internal/grpcsync",
    "internal/syscall",
    "internal/transport",
    "keepalive",
    "metadata",
    "naming",
    "peer",
    "resolver",
    "resolver/dns",
    "resolver/passthrough",
    "serviceconfig",
    "stats",
    "status",
    "tap",
  ]
  pruneopts = "NUT"
  revision = "39e8a7b072a67ca2a75f57fa2e0d50995f5b22f6"
  version = "v1.23.1"

[[projects]]
  digest = "1:1b91ae0dc69a41d4c2ed23ea5cffb721ea63f5037ca4b81e6d6771fbb8f45129"
  name = "gopkg.in/fsnotify.v1"
  packages = ["."]
  pruneopts = "NUT"
  revision = "c2828203cd70a50dcccfb2761f8b1f8ceef9a8e9"
  source = "https://github.com/fsnotify/fsnotify.git"
  version = "v1.4.7"

[[projects]]
  digest = "1:2d1fbdc6777e5408cabeb02bf336305e724b925ff4546ded0fa8715a7267922a"
  name = "gopkg.in/inf.v0"
  packages = ["."]
  pruneopts = "NUT"
  revision = "d2d2541c53f18d2a059457998ce2876cc8e67cbf"
  version = "v0.9.1"

[[projects]]
  digest = "1:80c34337e8a734e190f2d1b716cae774cca74db98315166f92074434e9af0227"
  name = "gopkg.in/natefinch/lumberjack.v2"
  packages = ["."]
  pruneopts = "NUT"
  revision = "a96e63847dc3c67d17befa69c303767e2f84e54f"
  version = "v2.1"

[[projects]]
  branch = "v1"
  digest = "1:8fb1ccb16a6cfecbfdfeb84d8ea1cc7afa8f9ef16526bc2326f72d993e32cef1"
  name = "gopkg.in/tomb.v1"
  packages = ["."]
  pruneopts = "NUT"
  revision = "dd632973f1e7218eb1089048e0798ec9ae7dceb8"

[[projects]]
  digest = "1:18108594151654e9e696b27b181b953f9a90b16bf14d253dd1b397b025a1487f"
  name = "gopkg.in/yaml.v2"
  packages = ["."]
  pruneopts = "NUT"
  revision = "51d6538a90f86fe93ac480b35f37b2be17fef232"
  version = "v2.2.2"

[[projects]]
  branch = "v3"
  digest = "1:f1077ec2d363b2bd4dfe1a83791bc2f8d88e709b486d80add70c41a5a513cebc"
  name = "gopkg.in/yaml.v3"
  packages = ["."]
  pruneopts = "NUT"
  revision = "827449938966de02e59eecfd53d81305d5a5f78a"

[[projects]]
  digest = "1:79ac515f677d72e0fa9bc490726ef3aeac63d8b994a7880760332a30d3617e27"
  name = "k8s.io/api"
  packages = [
    "admission/v1beta1",
    "admissionregistration/v1beta1",
    "apps/v1",
    "apps/v1beta1",
    "apps/v1beta2",
    "auditregistration/v1alpha1",
    "authentication/v1",
    "authentication/v1beta1",
    "authorization/v1",
    "authorization/v1beta1",
    "autoscaling/v1",
    "autoscaling/v2beta1",
    "autoscaling/v2beta2",
    "batch/v1",
    "batch/v1beta1",
    "batch/v2alpha1",
    "certificates/v1beta1",
    "coordination/v1",
    "coordination/v1beta1",
    "core/v1",
    "events/v1beta1",
    "extensions/v1beta1",
    "networking/v1",
    "networking/v1beta1",
    "node/v1alpha1",
    "node/v1beta1",
    "policy/v1beta1",
    "rbac/v1",
    "rbac/v1alpha1",
    "rbac/v1beta1",
    "scheduling/v1",
    "scheduling/v1alpha1",
    "scheduling/v1beta1",
    "settings/v1alpha1",
    "storage/v1",
    "storage/v1alpha1",
    "storage/v1beta1",
  ]
  pruneopts = "NUT"
  revision = "6e4e0e4f393bf5e8bbff570acd13217aa5a770cd"
  version = "kubernetes-1.14.1"

[[projects]]
  digest = "1:0dd6bba635ad2c6fb832ad697cfaf5b635fa3db8301c12752acd4be7de770dce"
  name = "k8s.io/apiextensions-apiserver"
  packages = [
    "pkg/apis/apiextensions",
    "pkg/apis/apiextensions/v1beta1",
    "pkg/client/clientset/clientset/scheme",
    "pkg/client/clientset/clientset/typed/apiextensions/v1beta1",
  ]
  pruneopts = "NUT"
  revision = "727a075fdec8319bf095330e344b3ccc668abc73"
  version = "kubernetes-1.14.1"

[[projects]]
  digest = "1:2300b34073d3083e4e6808deb63efc33ac53405f169b763861d41f9e58c046b3"
  name = "k8s.io/apimachinery"
  packages = [
    "pkg/api/equality",
    "pkg/api/errors",
    "pkg/api/meta",
    "pkg/api/resource",
    "pkg/api/validation",
    "pkg/api/validation/path",
    "pkg/apis/meta/internalversion",
    "pkg/apis/meta/v1",
    "pkg/apis/meta/v1/unstructured",
    "pkg/apis/meta/v1/validation",
    "pkg/apis/meta/v1beta1",
    "pkg/conversion",
    "pkg/conversion/queryparams",
    "pkg/fields",
    "pkg/labels",
    "pkg/runtime",
    "pkg/runtime/schema",
    "pkg/runtime/serializer",
    "pkg/runtime/serializer/json",
    "pkg/runtime/serializer/protobuf",
    "pkg/runtime/serializer/recognizer",
    "pkg/runtime/serializer/streaming",
    "pkg/runtime/serializer/versioning",
    "pkg/selection",
    "pkg/types",
    "pkg/util/cache",
    "pkg/util/clock",
    "pkg/util/diff",
    "pkg/util/errors",
    "pkg/util/framer",
    "pkg/util/intstr",
    "pkg/util/json",
    "pkg/util/mergepatch",
    "pkg/util/naming",
    "pkg/util/net",
    "pkg/util/rand",
    "pkg/util/runtime",
    "pkg/util/sets",
    "pkg/util/strategicpatch",
    "pkg/util/uuid",
    "pkg/util/validation",
    "pkg/util/validation/field",
    "pkg/util/wait",
    "pkg/util/waitgroup",
    "pkg/util/yaml",
    "pkg/version",
    "pkg/watch",
    "third_party/forked/golang/json",
    "third_party/forked/golang/reflect",
  ]
  pruneopts = "NUT"
  revision = "6a84e37a896db9780c75367af8d2ed2bb944022e"
  version = "kubernetes-1.14.1"

[[projects]]
  digest = "1:87d787517a422043b6cad8a83d0ae43238b930ec50719ac8dee35135a87bedee"
  name = "k8s.io/apiserver"
  packages = [
    "pkg/admission",
    "pkg/admission/configuration",
    "pkg/admission/initializer",
    "pkg/admission/metrics",
    "pkg/admission/plugin/namespace/lifecycle",
    "pkg/admission/plugin/webhook/config",
    "pkg/admission/plugin/webhook/config/apis/webhookadmission",
    "pkg/admission/plugin/webhook/config/apis/webhookadmission/v1alpha1",
    "pkg/admission/plugin/webhook/errors",
    "pkg/admission/plugin/webhook/generic",
    "pkg/admission/plugin/webhook/mutating",
    "pkg/admission/plugin/webhook/namespace",
    "pkg/admission/plugin/webhook/request",
    "pkg/admission/plugin/webhook/rules",
    "pkg/admission/plugin/webhook/util",
    "pkg/admission/plugin/webhook/validating",
    "pkg/apis/apiserver",
    "pkg/apis/apiserver/install",
    "pkg/apis/apiserver/v1alpha1",
    "pkg/apis/audit",
    "pkg/apis/audit/install",
    "pkg/apis/audit/v1",
    "pkg/apis/audit/v1alpha1",
    "pkg/apis/audit/v1beta1",
    "pkg/apis/audit/validation",
    "pkg/audit",
    "pkg/audit/event",
    "pkg/audit/policy",
    "pkg/audit/util",
    "pkg/authentication/authenticator",
    "pkg/authentication/authenticatorfactory",
    "pkg/authentication/group",
    "pkg/authentication/request/anonymous",
    "pkg/authentication/request/bearertoken",
    "pkg/authentication/request/headerrequest",
    "pkg/authentication/request/union",
    "pkg/authentication/request/websocket",
    "pkg/authentication/request/x509",
    "pkg/authentication/serviceaccount",
    "pkg/authentication/token/cache",
    "pkg/authentication/token/tokenfile",
    "pkg/authentication/user",
    "pkg/authorization/authorizer",
    "pkg/authorization/authorizerfactory",
    "pkg/authorization/path",
    "pkg/authorization/union",
    "pkg/endpoints",
    "pkg/endpoints/discovery",
    "pkg/endpoints/filters",
    "pkg/endpoints/handlers",
    "pkg/endpoints/handlers/fieldmanager",
    "pkg/endpoints/handlers/fieldmanager/internal",
    "pkg/endpoints/handlers/negotiation",
    "pkg/endpoints/handlers/responsewriters",
    "pkg/endpoints/metrics",
    "pkg/endpoints/openapi",
    "pkg/endpoints/request",
    "pkg/features",
    "pkg/registry/generic",
    "pkg/registry/generic/registry",
    "pkg/registry/rest",
    "pkg/server",
    "pkg/server/filters",
    "pkg/server/healthz",
    "pkg/server/httplog",
    "pkg/server/mux",
    "pkg/server/options",
    "pkg/server/resourceconfig",
    "pkg/server/routes",
    "pkg/server/storage",
    "pkg/storage",
    "pkg/storage/cacher",
    "pkg/storage/errors",
    "pkg/storage/etcd",
    "pkg/storage/etcd/metrics",
    "pkg/storage/etcd3",
    "pkg/storage/names",
    "pkg/storage/storagebackend",
    "pkg/storage/storagebackend/factory",
    "pkg/storage/value",
    "pkg/util/dryrun",
    "pkg/util/feature",
    "pkg/util/flushwriter",
    "pkg/util/openapi",
    "pkg/util/webhook",
    "pkg/util/wsstream",
    "plugin/pkg/audit/buffered",
    "plugin/pkg/audit/dynamic",
    "plugin/pkg/audit/dynamic/enforced",
    "plugin/pkg/audit/log",
    "plugin/pkg/audit/truncate",
    "plugin/pkg/audit/webhook",
    "plugin/pkg/authenticator/token/webhook",
    "plugin/pkg/authorizer/webhook",
  ]
  pruneopts = "NUT"
  revision = "1ec86e4da56ce0573788fc12bb3a5530600c0e5d"
  version = "kubernetes-1.14.1"

[[projects]]
  digest = "1:6731b04cda9860dacdc663e83b491a8a90835e69e6014c69ba973e03e541b304"
  name = "k8s.io/client-go"
  packages = [
    "discovery",
    "dynamic",
    "informers",
    "informers/admissionregistration",
    "informers/admissionregistration/v1beta1",
    "informers/apps",
    "informers/apps/v1",
    "informers/apps/v1beta1",
    "informers/apps/v1beta2",
    "informers/auditregistration",
    "informers/auditregistration/v1alpha1",
    "informers/autoscaling",
    "informers/autoscaling/v1",
    "informers/autoscaling/v2beta1",
    "informers/autoscaling/v2beta2",
    "informers/batch",
    "informers/batch/v1",
    "informers/batch/v1beta1",
    "informers/batch/v2alpha1",
    "informers/certificates",
    "informers/certificates/v1beta1",
    "informers/coordination",
    "informers/coordination/v1",
    "informers/coordination/v1beta1",
    "informers/core",
    "informers/core/v1",
    "informers/events",
    "informers/events/v1beta1",
    "informers/extensions",
    "informers/extensions/v1beta1",
    "informers/internalinterfaces",
    "informers/networking",
    "informers/networking/v1",
    "informers/networking/v1beta1",
    "informers/node",
    "informers/node/v1alpha1",
    "informers/node/v1beta1",
    "informers/policy",
    "informers/policy/v1beta1",
    "informers/rbac",
    "informers/rbac/v1",
    "informers/rbac/v1alpha1",
    "informers/rbac/v1beta1",
    "informers/scheduling",
    "informers/scheduling/v1",
    "informers/scheduling/v1alpha1",
    "informers/scheduling/v1beta1",
    "informers/settings",
    "informers/settings/v1alpha1",
    "informers/storage",
    "informers/storage/v1",
    "informers/storage/v1alpha1",
    "informers/storage/v1beta1",
    "kubernetes",
    "kubernetes/scheme",
    "kubernetes/typed/admissionregistration/v1beta1",
    "kubernetes/typed/apps/v1",
    "kubernetes/typed/apps/v1beta1",
    "kubernetes/typed/apps/v1beta2",
    "kubernetes/typed/auditregistration/v1alpha1",
    "kubernetes/typed/authentication/v1",
    "kubernetes/typed/authentication/v1beta1",
    "kubernetes/typed/authorization/v1",
    "kubernetes/typed/authorization/v1beta1",
    "kubernetes/typed/autoscaling/v1",
    "kubernetes/typed/autoscaling/v2beta1",
    "kubernetes/typed/autoscaling/v2beta2",
    "kubernetes/typed/batch/v1",
    "kubernetes/typed/batch/v1beta1",
    "kubernetes/typed/batch/v2alpha1",
    "kubernetes/typed/certificates/v1beta1",
    "kubernetes/typed/coordination/v1",
    "kubernetes/typed/coordination/v1beta1",
    "kubernetes/typed/core/v1",
    "kubernetes/typed/events/v1beta1",
    "kubernetes/typed/extensions/v1beta1",
    "kubernetes/typed/networking/v1",
    "kubernetes/typed/networking/v1beta1",
    "kubernetes/typed/node/v1alpha1",
    "kubernetes/typed/node/v1beta1",
    "kubernetes/typed/policy/v1beta1",
    "kubernetes/typed/rbac/v1",
    "kubernetes/typed/rbac/v1alpha1",
    "kubernetes/typed/rbac/v1beta1",
    "kubernetes/typed/scheduling/v1",
    "kubernetes/typed/scheduling/v1alpha1",
    "kubernetes/typed/scheduling/v1beta1",
    "kubernetes/typed/settings/v1alpha1",
    "kubernetes/typed/storage/v1",
    "kubernetes/typed/storage/v1alpha1",
    "kubernetes/typed/storage/v1beta1",
    "listers/admissionregistration/v1beta1",
    "listers/apps/v1",
    "listers/apps/v1beta1",
    "listers/apps/v1beta2",
    "listers/auditregistration/v1alpha1",
    "listers/autoscaling/v1",
    "listers/autoscaling/v2beta1",
    "listers/autoscaling/v2beta2",
    "listers/batch/v1",
    "listers/batch/v1beta1",
    "listers/batch/v2alpha1",
    "listers/certificates/v1beta1",
    "listers/coordination/v1",
    "listers/coordination/v1beta1",
    "listers/core/v1",
    "listers/events/v1beta1",
    "listers/extensions/v1beta1",
    "listers/networking/v1",
    "listers/networking/v1beta1",
    "listers/node/v1alpha1",
    "listers/node/v1beta1",
    "listers/policy/v1beta1",
    "listers/rbac/v1",
    "listers/rbac/v1alpha1",
    "listers/rbac/v1beta1",
    "listers/scheduling/v1",
    "listers/scheduling/v1alpha1",
    "listers/scheduling/v1beta1",
    "listers/settings/v1alpha1",
    "listers/storage/v1",
    "listers/storage/v1alpha1",
    "listers/storage/v1beta1",
    "pkg/apis/clientauthentication",
    "pkg/apis/clientauthentication/v1alpha1",
    "pkg/apis/clientauthentication/v1beta1",
    "pkg/version",
    "plugin/pkg/client/auth",
    "plugin/pkg/client/auth/azure",
    "plugin/pkg/client/auth/exec",
    "plugin/pkg/client/auth/gcp",
    "plugin/pkg/client/auth/oidc",
    "plugin/pkg/client/auth/openstack",
    "rest",
    "rest/watch",
    "restmapper",
    "third_party/forked/golang/template",
    "tools/auth",
    "tools/cache",
    "tools/clientcmd",
    "tools/clientcmd/api",
    "tools/clientcmd/api/latest",
    "tools/clientcmd/api/v1",
    "tools/leaderelection",
    "tools/leaderelection/resourcelock",
    "tools/metrics",
    "tools/pager",
    "tools/record",
    "tools/record/util",
    "tools/reference",
    "transport",
    "util/cert",
    "util/connrotation",
    "util/flowcontrol",
    "util/homedir",
    "util/jsonpath",
    "util/keyutil",
    "util/retry",
    "util/workqueue",
  ]
  pruneopts = "NUT"
  revision = "1a26190bd76a9017e289958b9fba936430aa3704"
  version = "kubernetes-1.14.1"

[[projects]]
  branch = "master"
  digest = "1:9145379c2b96eebbace1a7060ecf6d770c7f93dfa9a6edfc4606674b92e2516e"
  name = "k8s.io/code-generator"
  packages = [
    "cmd/client-gen",
    "cmd/client-gen/args",
    "cmd/client-gen/generators",
    "cmd/client-gen/generators/fake",
    "cmd/client-gen/generators/scheme",
    "cmd/client-gen/generators/util",
    "cmd/client-gen/path",
    "cmd/client-gen/types",
    "cmd/deepcopy-gen",
    "cmd/deepcopy-gen/args",
    "pkg/namer",
    "pkg/util",
  ]
  pruneopts = "NUT"
  revision = "ebc0eb3a5c23df84a3ad8615d4b31be8944e95b2"

[[projects]]
  branch = "master"
  digest = "1:9ce94d6820f0b4353a65f9be0592510a2c3db1e7807059aef5cd6e88cf8cca32"
  name = "k8s.io/component-base"
  packages = [
    "cli/flag",
    "featuregate",
    "logs",
  ]
  pruneopts = "NUT"
  revision = "3f8a0e53a4bc6e4944cbfbb28da0b971ceba0380"

[[projects]]
  branch = "master"
  digest = "1:b82da38073136a380b13a84946c359145c608f1146fc6babefe6c4e7891df156"
  name = "k8s.io/gengo"
  packages = [
    "args",
    "examples/deepcopy-gen/generators",
    "examples/set-gen/sets",
    "generator",
    "namer",
    "parser",
    "types",
  ]
  pruneopts = "NUT"
  revision = "ebc107f98eab922ef99d645781b87caca01f4f48"

[[projects]]
  digest = "1:c05ad592787fc6cdacf8c5309d826561aa4a7d9e4e7ea28660dfb2c77ff68ab0"
  name = "k8s.io/klog"
  packages = ["."]
  pruneopts = "NUT"
  revision = "3ca30a56d8a775276f9cdae009ba326fdc05af7f"
  version = "v0.4.0"

[[projects]]
  digest = "1:6426577a857cd1ca227efa0ad916fe09e854e5995d8757edf021fc96dfb11b69"
  name = "k8s.io/kube-openapi"
  packages = [
    "pkg/builder",
    "pkg/common",
    "pkg/handler",
    "pkg/schemaconv",
    "pkg/util",
    "pkg/util/proto",
  ]
  pruneopts = "NUT"
  revision = "18908d120c6bdee559200d65ed8b8de9d253ccac"

[[projects]]
  branch = "book"
  digest = "1:11a65fb8471038e0b9a0f16310850e08c0c3c329de8a1a08fbe7fec38cb0ceef"
  name = "k8s.io/kubectl"
  packages = ["pkg/framework/openapi"]
  pruneopts = "NUT"
  revision = "d28510b1b7501d78be19ddc4609d5e3596128efa"

[[projects]]
  branch = "master"
  digest = "1:2d3f59daa4b479ff4e100a2e1d8fea6780040fdadc177869531fe4cc29407f55"
  name = "k8s.io/utils"
  packages = [
    "buffer",
    "integer",
    "trace",
  ]
  pruneopts = "NUT"
  revision = "3d4f5b7dea0b7c63c77d7fb1f0ee433ad8d54667"

[[projects]]
  digest = "1:f8eb6b942933f001ceb422870a57fe99f7752a51839914c0f1e3f0321cb93bda"
  name = "sigs.k8s.io/controller-runtime"
  packages = [
    "pkg/client",
    "pkg/client/apiutil",
    "pkg/runtime/scheme",
    "pkg/scheme",
  ]
  pruneopts = "NUT"
  revision = "1592b5ee945140d042351098bf3217d71f36cace"
  version = "v0.2.1"

[[projects]]
  digest = "1:6852be48889f976ee43ef7ca2e1a25ee9cfd3d0d46dbcdfcf32f8b7186c019e0"
  name = "sigs.k8s.io/controller-tools"
  packages = [
    "cmd/controller-gen",
    "pkg/crd",
    "pkg/crd/markers",
    "pkg/deepcopy",
    "pkg/genall",
    "pkg/genall/help",
    "pkg/genall/help/pretty",
    "pkg/loader",
    "pkg/markers",
    "pkg/rbac",
    "pkg/schemapatcher",
    "pkg/schemapatcher/internal/yaml",
    "pkg/webhook",
  ]
  pruneopts = "NUT"
  revision = "ba11932048e4538f6e435f5ca0cdea19bf458338"
  version = "v0.2.1"

[[projects]]
  digest = "1:fef5992ddf85e9ccad899b11338339858936a10fbce96b9d5c43767669d95398"
  name = "sigs.k8s.io/structured-merge-diff"
  packages = [
    "fieldpath",
    "merge",
    "schema",
    "typed",
    "value",
  ]
  pruneopts = "NUT"
  revision = "e85c7b244fd2cc57bb829d73a061f93a441e63ce"

[[projects]]
  digest = "1:8730e0150dfb2b7e173890c8b9868e7a273082ef8e39f4940e3506a481cf895c"
  name = "sigs.k8s.io/yaml"
  packages = ["."]
  pruneopts = "NUT"
  revision = "fd68e9863619f6ec2fdd8625fe1f02e7c877e480"
  version = "v1.1.0"

[solve-meta]
  analyzer-name = "dep"
  analyzer-version = 1
  input-imports = [
    "github.com/evanphx/json-patch",
    "github.com/ghodss/yaml",
    "github.com/json-iterator/go",
    "github.com/kubernetes/repo-infra/verify/boilerplate/test",
    "github.com/onsi/ginkgo",
    "github.com/onsi/ginkgo/config",
    "github.com/onsi/gomega",
    "github.com/openshift/generic-admission-server/pkg/apiserver",
    "github.com/openshift/generic-admission-server/pkg/cmd/server",
    "github.com/pborman/uuid",
    "github.com/pkg/errors",
    "github.com/spf13/cobra",
    "github.com/spf13/pflag",
    "github.com/stretchr/testify/assert",
    "k8s.io/api/admission/v1beta1",
    "k8s.io/api/core/v1",
    "k8s.io/api/extensions/v1beta1",
    "k8s.io/api/rbac/v1",
    "k8s.io/apiextensions-apiserver/pkg/apis/apiextensions/v1beta1",
    "k8s.io/apiextensions-apiserver/pkg/client/clientset/clientset/typed/apiextensions/v1beta1",
    "k8s.io/apimachinery/pkg/api/equality",
    "k8s.io/apimachinery/pkg/api/errors",
    "k8s.io/apimachinery/pkg/api/meta",
    "k8s.io/apimachinery/pkg/api/validation",
    "k8s.io/apimachinery/pkg/apis/meta/v1",
    "k8s.io/apimachinery/pkg/apis/meta/v1/unstructured",
    "k8s.io/apimachinery/pkg/labels",
    "k8s.io/apimachinery/pkg/runtime",
    "k8s.io/apimachinery/pkg/runtime/schema",
    "k8s.io/apimachinery/pkg/runtime/serializer",
    "k8s.io/apimachinery/pkg/util/runtime",
    "k8s.io/apimachinery/pkg/util/sets",
    "k8s.io/apimachinery/pkg/util/uuid",
    "k8s.io/apimachinery/pkg/util/validation",
    "k8s.io/apimachinery/pkg/util/validation/field",
    "k8s.io/apimachinery/pkg/util/wait",
    "k8s.io/apimachinery/pkg/util/yaml",
    "k8s.io/apimachinery/pkg/version",
    "k8s.io/apimachinery/pkg/watch",
    "k8s.io/apiserver/pkg/server",
    "k8s.io/apiserver/pkg/storage/names",
    "k8s.io/apiserver/pkg/util/feature",
    "k8s.io/client-go/discovery",
    "k8s.io/client-go/dynamic",
    "k8s.io/client-go/kubernetes",
    "k8s.io/client-go/kubernetes/scheme",
    "k8s.io/client-go/kubernetes/typed/core/v1",
    "k8s.io/client-go/plugin/pkg/client/auth",
    "k8s.io/client-go/rest",
    "k8s.io/client-go/tools/cache",
    "k8s.io/client-go/tools/clientcmd",
    "k8s.io/client-go/tools/clientcmd/api",
    "k8s.io/client-go/tools/leaderelection",
    "k8s.io/client-go/tools/leaderelection/resourcelock",
    "k8s.io/client-go/tools/record",
    "k8s.io/client-go/transport",
    "k8s.io/client-go/util/flowcontrol",
    "k8s.io/client-go/util/workqueue",
    "k8s.io/code-generator/cmd/client-gen",
    "k8s.io/code-generator/cmd/deepcopy-gen",
    "k8s.io/component-base/cli/flag",
    "k8s.io/component-base/featuregate",
    "k8s.io/component-base/logs",
    "k8s.io/klog",
    "k8s.io/kube-openapi/pkg/util/proto",
    "k8s.io/kubectl/pkg/framework/openapi",
    "sigs.k8s.io/controller-runtime/pkg/client",
    "sigs.k8s.io/controller-runtime/pkg/client/apiutil",
    "sigs.k8s.io/controller-runtime/pkg/runtime/scheme",
    "sigs.k8s.io/controller-tools/cmd/controller-gen",
    "sigs.k8s.io/yaml",
  ]
  solver-name = "gps-cdcl"
  solver-version = 1
